{
  "version": 4,
  "terraform_version": "1.9.4",
  "serial": 105,
  "lineage": "b2dd163b-eacd-68ae-06f2-d60ab23bcaa6",
  "outputs": {
    "igw_name": {
      "value": "My IGW name is VPC-A-IGW",
      "type": "string"
    },
    "my_zones": {
      "value": [
        "ap-southeast-1a",
        "ap-southeast-1b",
        "ap-southeast-1c"
      ],
      "type": [
        "list",
        "string"
      ]
    },
    "ssh_command": {
      "value": "ssh -i ./private_key.pem ubuntu@54.251.58.179",
      "type": "string"
    },
    "vpc_name": {
      "value": "My VPC name is VPC-A",
      "type": "string"
    }
  },
  "resources": [
    {
      "mode": "data",
      "type": "aws_availability_zones",
      "name": "available",
      "provider": "provider[\"registry.terraform.io/hashicorp/aws\"]",
      "instances": [
        {
          "schema_version": 0,
          "attributes": {
            "all_availability_zones": null,
            "exclude_names": null,
            "exclude_zone_ids": null,
            "filter": null,
            "group_names": [
              "ap-southeast-1"
            ],
            "id": "ap-southeast-1",
            "names": [
              "ap-southeast-1a",
              "ap-southeast-1b",
              "ap-southeast-1c"
            ],
            "state": "available",
            "timeouts": null,
            "zone_ids": [
              "apse1-az1",
              "apse1-az2",
              "apse1-az3"
            ]
          },
          "sensitive_attributes": []
        }
      ]
    },
    {
      "mode": "managed",
      "type": "aws_eip",
      "name": "NAT_eip",
      "provider": "provider[\"registry.terraform.io/hashicorp/aws\"]",
      "instances": [
        {
          "schema_version": 0,
          "attributes": {
            "address": null,
            "allocation_id": "eipalloc-0de7a80a0b8f2f196",
            "arn": "arn:aws:ec2:ap-southeast-1:992382362896:elastic-ip/eipalloc-0de7a80a0b8f2f196",
            "associate_with_private_ip": null,
            "association_id": "",
            "carrier_ip": "",
            "customer_owned_ip": "",
            "customer_owned_ipv4_pool": "",
            "domain": "vpc",
            "id": "eipalloc-0de7a80a0b8f2f196",
            "instance": "",
            "network_border_group": "ap-southeast-1",
            "network_interface": "",
            "private_dns": "ip-10-0-2-120.ap-southeast-1.compute.internal",
            "private_ip": "",
            "ptr_record": "",
            "public_dns": "ec2-13-213-135-180.ap-southeast-1.compute.amazonaws.com",
            "public_ip": "13.213.135.180",
            "public_ipv4_pool": "amazon",
            "tags": {},
            "tags_all": {
              "Managed-By": "terraform"
            },
            "timeouts": null,
            "vpc": true
          },
          "sensitive_attributes": [],
          "private": "eyJlMmJmYjczMC1lY2FhLTExZTYtOGY4OC0zNDM2M2JjN2M0YzAiOnsiZGVsZXRlIjoxODAwMDAwMDAwMDAsInJlYWQiOjkwMDAwMDAwMDAwMCwidXBkYXRlIjozMDAwMDAwMDAwMDB9fQ=="
        }
      ]
    },
    {
      "mode": "managed",
      "type": "aws_eip",
      "name": "public_eip",
      "provider": "provider[\"registry.terraform.io/hashicorp/aws\"]",
      "instances": [
        {
          "schema_version": 0,
          "attributes": {
            "address": null,
            "allocation_id": "eipalloc-06c2e40d46ca76b13",
            "arn": "arn:aws:ec2:ap-southeast-1:992382362896:elastic-ip/eipalloc-06c2e40d46ca76b13",
            "associate_with_private_ip": null,
            "association_id": "",
            "carrier_ip": "",
            "customer_owned_ip": "",
            "customer_owned_ipv4_pool": "",
            "domain": "vpc",
            "id": "eipalloc-06c2e40d46ca76b13",
            "instance": "",
            "network_border_group": "ap-southeast-1",
            "network_interface": "",
            "private_dns": "ip-10-0-1-208.ap-southeast-1.compute.internal",
            "private_ip": "",
            "ptr_record": "",
            "public_dns": "ec2-54-251-58-179.ap-southeast-1.compute.amazonaws.com",
            "public_ip": "54.251.58.179",
            "public_ipv4_pool": "amazon",
            "tags": {},
            "tags_all": {
              "Managed-By": "terraform"
            },
            "timeouts": null,
            "vpc": true
          },
          "sensitive_attributes": [],
          "private": "eyJlMmJmYjczMC1lY2FhLTExZTYtOGY4OC0zNDM2M2JjN2M0YzAiOnsiZGVsZXRlIjoxODAwMDAwMDAwMDAsInJlYWQiOjkwMDAwMDAwMDAwMCwidXBkYXRlIjozMDAwMDAwMDAwMDB9fQ=="
        }
      ]
    },
    {
      "mode": "managed",
      "type": "aws_eip_association",
      "name": "binding_server_eip",
      "provider": "provider[\"registry.terraform.io/hashicorp/aws\"]",
      "instances": [
        {
          "schema_version": 0,
          "attributes": {
            "allocation_id": "eipalloc-06c2e40d46ca76b13",
            "allow_reassociation": null,
            "id": "eipassoc-0db38091021c0de3d",
            "instance_id": "i-031091317433676ae",
            "network_interface_id": "eni-0cb6313f1254e8af4",
            "private_ip_address": "10.0.1.29",
            "public_ip": "54.251.58.179"
          },
          "sensitive_attributes": [],
          "private": "bnVsbA==",
          "dependencies": [
            "aws_eip.public_eip",
            "aws_instance.server",
            "aws_key_pair.ec2_key_pair",
            "aws_security_group.server_sg",
            "aws_subnet.base_subnets",
            "aws_vpc.base_vpc",
            "tls_private_key.ssh_keypair"
          ]
        }
      ]
    },
    {
      "mode": "managed",
      "type": "aws_instance",
      "name": "server",
      "provider": "provider[\"registry.terraform.io/hashicorp/aws\"]",
      "instances": [
        {
          "schema_version": 1,
          "attributes": {
            "ami": "ami-01811d4912b4ccb26",
            "arn": "arn:aws:ec2:ap-southeast-1:992382362896:instance/i-031091317433676ae",
            "associate_public_ip_address": true,
            "availability_zone": "ap-southeast-1a",
            "capacity_reservation_specification": [
              {
                "capacity_reservation_preference": "open",
                "capacity_reservation_target": []
              }
            ],
            "cpu_core_count": 1,
            "cpu_options": [
              {
                "amd_sev_snp": "",
                "core_count": 1,
                "threads_per_core": 1
              }
            ],
            "cpu_threads_per_core": 1,
            "credit_specification": [
              {
                "cpu_credits": "standard"
              }
            ],
            "disable_api_stop": false,
            "disable_api_termination": false,
            "ebs_block_device": [],
            "ebs_optimized": false,
            "enclave_options": [
              {
                "enabled": false
              }
            ],
            "ephemeral_block_device": [],
            "get_password_data": false,
            "hibernation": false,
            "host_id": "",
            "host_resource_group_arn": null,
            "iam_instance_profile": "",
            "id": "i-031091317433676ae",
            "instance_initiated_shutdown_behavior": "stop",
            "instance_lifecycle": "",
            "instance_market_options": [],
            "instance_state": "running",
            "instance_type": "t2.micro",
            "ipv6_address_count": 0,
            "ipv6_addresses": [],
            "key_name": "hmk.pub",
            "launch_template": [],
            "maintenance_options": [
              {
                "auto_recovery": "default"
              }
            ],
            "metadata_options": [
              {
                "http_endpoint": "enabled",
                "http_protocol_ipv6": "disabled",
                "http_put_response_hop_limit": 2,
                "http_tokens": "required",
                "instance_metadata_tags": "disabled"
              }
            ],
            "monitoring": false,
            "network_interface": [],
            "outpost_arn": "",
            "password_data": "",
            "placement_group": "",
            "placement_partition_number": 0,
            "primary_network_interface_id": "eni-0cb6313f1254e8af4",
            "private_dns": "ip-10-0-1-29.ap-southeast-1.compute.internal",
            "private_dns_name_options": [
              {
                "enable_resource_name_dns_a_record": false,
                "enable_resource_name_dns_aaaa_record": false,
                "hostname_type": "ip-name"
              }
            ],
            "private_ip": "10.0.1.29",
            "public_dns": "",
            "public_ip": "13.213.43.5",
            "root_block_device": [
              {
                "delete_on_termination": true,
                "device_name": "/dev/sda1",
                "encrypted": false,
                "iops": 3000,
                "kms_key_id": "",
                "tags": {},
                "tags_all": {
                  "Managed-By": "terraform"
                },
                "throughput": 125,
                "volume_id": "vol-04f95b3e96ca91cf9",
                "volume_size": 8,
                "volume_type": "gp3"
              }
            ],
            "secondary_private_ips": [],
            "security_groups": [],
            "source_dest_check": true,
            "spot_instance_request_id": "",
            "subnet_id": "subnet-02dc0e59fe7388306",
            "tags": {
              "Name": "VPC-A-Server-1"
            },
            "tags_all": {
              "Managed-By": "terraform",
              "Name": "VPC-A-Server-1"
            },
            "tenancy": "default",
            "timeouts": null,
            "user_data": null,
            "user_data_base64": null,
            "user_data_replace_on_change": false,
            "volume_tags": null,
            "vpc_security_group_ids": [
              "sg-0e8bc6fa1c333b22a"
            ]
          },
          "sensitive_attributes": [],
          "private": "eyJlMmJmYjczMC1lY2FhLTExZTYtOGY4OC0zNDM2M2JjN2M0YzAiOnsiY3JlYXRlIjo2MDAwMDAwMDAwMDAsImRlbGV0ZSI6MTIwMDAwMDAwMDAwMCwicmVhZCI6OTAwMDAwMDAwMDAwLCJ1cGRhdGUiOjYwMDAwMDAwMDAwMH0sInNjaGVtYV92ZXJzaW9uIjoiMSJ9",
          "dependencies": [
            "aws_key_pair.ec2_key_pair",
            "aws_security_group.server_sg",
            "aws_subnet.base_subnets",
            "aws_vpc.base_vpc",
            "tls_private_key.ssh_keypair"
          ]
        }
      ]
    },
    {
      "mode": "managed",
      "type": "aws_internet_gateway",
      "name": "base_igw",
      "provider": "provider[\"registry.terraform.io/hashicorp/aws\"]",
      "instances": [
        {
          "schema_version": 0,
          "attributes": {
            "arn": "arn:aws:ec2:ap-southeast-1:992382362896:internet-gateway/igw-075e794e71ed31248",
            "id": "igw-075e794e71ed31248",
            "owner_id": "992382362896",
            "tags": {
              "Name": "VPC-A-IGW"
            },
            "tags_all": {
              "Managed-By": "terraform",
              "Name": "VPC-A-IGW"
            },
            "timeouts": null,
            "vpc_id": "vpc-01fb9792635e2eb53"
          },
          "sensitive_attributes": [],
          "private": "eyJlMmJmYjczMC1lY2FhLTExZTYtOGY4OC0zNDM2M2JjN2M0YzAiOnsiY3JlYXRlIjoxMjAwMDAwMDAwMDAwLCJkZWxldGUiOjEyMDAwMDAwMDAwMDAsInVwZGF0ZSI6MTIwMDAwMDAwMDAwMH19",
          "dependencies": [
            "aws_vpc.base_vpc"
          ]
        }
      ]
    },
    {
      "mode": "managed",
      "type": "aws_key_pair",
      "name": "ec2_key_pair",
      "provider": "provider[\"registry.terraform.io/hashicorp/aws\"]",
      "instances": [
        {
          "schema_version": 1,
          "attributes": {
            "arn": "arn:aws:ec2:ap-southeast-1:992382362896:key-pair/hmk.pub",
            "fingerprint": "4c:ef:7e:cf:aa:19:5a:d1:9a:a6:0a:5c:80:22:e3:26",
            "id": "hmk.pub",
            "key_name": "hmk.pub",
            "key_name_prefix": "",
            "key_pair_id": "key-072262a3d3a424b46",
            "key_type": "rsa",
            "public_key": "ssh-rsa AAAAB3NzaC1yc2EAAAADAQABAAACAQDftp46TUfls0tCOmvfMc9HWHQavk4tj12wu7LUuHGCKV7AvFw90VYboWqar0CveUewaSRe5Pie4okLTuEkF4K2oz+6uavjrhdvdM3eUyrT16XrnoA8h7QWYSCF4mTlYfy5A9WqcGFd2EoSmv13PvfuU8kLE6326we6/Q9ccQ+245alLBW5p7YgR1ILq+RyEI1Gjbde2OeP+5F+DBSK/z1SMXhCcIHmVKmCD5H8n4hpM3D3opYdjZ0VzNHpDP4shP7EgQuiCsZrU0AtSbjpzmIV0Ve+HapOiM+EozF2COdpyR/5K+nQ6AXdJYwZ71I9jWGCeo50/inKUuDsUgzBCaXwd0WnMk1D5GiDIqkj7+oq51HADHbZt8UmNgcY54Z4Igj/TY82T/1iw6hadeJusMi4zzc+SVPj0aTrONKaiWVo/pvxQNgxErRDlo5f+E4pokvGa2wH9y4NQF2QIDX7nJTLrzsMxBBbt3/v8yoZFTOUt4whya6rZrEfGst9BfzXN7P9eGzD5NOrsaxA9ArjnemiAwOJKBRj34opvuB/5Nq047C6z2MPD74MEnK9by4/VMmKCNESOle5iL5TRfRDxTeebTp2cTHUO1trGsJS60cZWCmGUVgD+gWFxhg52jvBWfDbaFKpscV/at3MGMVRyenHYgK81g/tEgSRznzlPjxpdQ==",
            "tags": {},
            "tags_all": {
              "Managed-By": "terraform"
            }
          },
          "sensitive_attributes": [],
          "private": "eyJzY2hlbWFfdmVyc2lvbiI6IjEifQ==",
          "dependencies": [
            "tls_private_key.ssh_keypair"
          ]
        }
      ]
    },
    {
      "mode": "managed",
      "type": "aws_nat_gateway",
      "name": "NAT_GT",
      "provider": "provider[\"registry.terraform.io/hashicorp/aws\"]",
      "instances": [
        {
          "schema_version": 0,
          "attributes": {
            "allocation_id": "eipalloc-0de7a80a0b8f2f196",
            "association_id": "eipassoc-07274638e9a21a62f",
            "connectivity_type": "public",
            "id": "nat-0801209360f2beceb",
            "network_interface_id": "eni-03fbc563f60d84bb4",
            "private_ip": "10.0.2.137",
            "public_ip": "13.213.135.180",
            "secondary_allocation_ids": null,
            "secondary_private_ip_address_count": 0,
            "secondary_private_ip_addresses": [],
            "subnet_id": "subnet-0f44f584fc0d8f1d0",
            "tags": {
              "Name": "my NAT GW"
            },
            "tags_all": {
              "Managed-By": "terraform",
              "Name": "my NAT GW"
            },
            "timeouts": null
          },
          "sensitive_attributes": [],
          "private": "eyJlMmJmYjczMC1lY2FhLTExZTYtOGY4OC0zNDM2M2JjN2M0YzAiOnsiY3JlYXRlIjo2MDAwMDAwMDAwMDAsImRlbGV0ZSI6MTgwMDAwMDAwMDAwMCwidXBkYXRlIjo2MDAwMDAwMDAwMDB9fQ==",
          "dependencies": [
            "aws_eip.NAT_eip",
            "aws_internet_gateway.base_igw",
            "aws_subnet.base_subnets",
            "aws_vpc.base_vpc"
          ]
        }
      ]
    },
    {
      "mode": "managed",
      "type": "aws_route",
      "name": "natGW_route",
      "provider": "provider[\"registry.terraform.io/hashicorp/aws\"]",
      "instances": [
        {
          "schema_version": 0,
          "attributes": {
            "carrier_gateway_id": "",
            "core_network_arn": "",
            "destination_cidr_block": "0.0.0.0/0",
            "destination_ipv6_cidr_block": "",
            "destination_prefix_list_id": "",
            "egress_only_gateway_id": "",
            "gateway_id": "",
            "id": "r-rtb-01df95b64577acb111080289494",
            "instance_id": "",
            "instance_owner_id": "",
            "local_gateway_id": "",
            "nat_gateway_id": "nat-0801209360f2beceb",
            "network_interface_id": "",
            "origin": "CreateRoute",
            "route_table_id": "rtb-01df95b64577acb11",
            "state": "active",
            "timeouts": null,
            "transit_gateway_id": "",
            "vpc_endpoint_id": "",
            "vpc_peering_connection_id": ""
          },
          "sensitive_attributes": [],
          "private": "eyJlMmJmYjczMC1lY2FhLTExZTYtOGY4OC0zNDM2M2JjN2M0YzAiOnsiY3JlYXRlIjozMDAwMDAwMDAwMDAsImRlbGV0ZSI6MzAwMDAwMDAwMDAwLCJ1cGRhdGUiOjEyMDAwMDAwMDAwMH19",
          "dependencies": [
            "aws_eip.NAT_eip",
            "aws_internet_gateway.base_igw",
            "aws_nat_gateway.NAT_GT",
            "aws_subnet.base_subnets",
            "aws_vpc.base_vpc"
          ]
        }
      ]
    },
    {
      "mode": "managed",
      "type": "aws_route_table",
      "name": "base_RT",
      "provider": "provider[\"registry.terraform.io/hashicorp/aws\"]",
      "instances": [
        {
          "schema_version": 0,
          "attributes": {
            "arn": "arn:aws:ec2:ap-southeast-1:992382362896:route-table/rtb-08b1c06fe5c6af9ac",
            "id": "rtb-08b1c06fe5c6af9ac",
            "owner_id": "992382362896",
            "propagating_vgws": [],
            "route": [
              {
                "carrier_gateway_id": "",
                "cidr_block": "0.0.0.0/0",
                "core_network_arn": "",
                "destination_prefix_list_id": "",
                "egress_only_gateway_id": "",
                "gateway_id": "igw-075e794e71ed31248",
                "ipv6_cidr_block": "",
                "local_gateway_id": "",
                "nat_gateway_id": "",
                "network_interface_id": "",
                "transit_gateway_id": "",
                "vpc_endpoint_id": "",
                "vpc_peering_connection_id": ""
              }
            ],
            "tags": {
              "Name": "My_public_RT"
            },
            "tags_all": {
              "Managed-By": "terraform",
              "Name": "My_public_RT"
            },
            "timeouts": null,
            "vpc_id": "vpc-01fb9792635e2eb53"
          },
          "sensitive_attributes": [],
          "private": "eyJlMmJmYjczMC1lY2FhLTExZTYtOGY4OC0zNDM2M2JjN2M0YzAiOnsiY3JlYXRlIjozMDAwMDAwMDAwMDAsImRlbGV0ZSI6MzAwMDAwMDAwMDAwLCJ1cGRhdGUiOjEyMDAwMDAwMDAwMH19",
          "dependencies": [
            "aws_internet_gateway.base_igw",
            "aws_vpc.base_vpc"
          ]
        }
      ]
    },
    {
      "mode": "managed",
      "type": "aws_route_table_association",
      "name": "RT_ASSO",
      "provider": "provider[\"registry.terraform.io/hashicorp/aws\"]",
      "instances": [
        {
          "index_key": "Public-Subnet-1",
          "schema_version": 0,
          "attributes": {
            "gateway_id": "",
            "id": "rtbassoc-0c8c6226a5df00938",
            "route_table_id": "rtb-08b1c06fe5c6af9ac",
            "subnet_id": "subnet-02dc0e59fe7388306",
            "timeouts": null
          },
          "sensitive_attributes": [],
          "private": "eyJlMmJmYjczMC1lY2FhLTExZTYtOGY4OC0zNDM2M2JjN2M0YzAiOnsiY3JlYXRlIjozMDAwMDAwMDAwMDAsImRlbGV0ZSI6MzAwMDAwMDAwMDAwLCJ1cGRhdGUiOjEyMDAwMDAwMDAwMH19",
          "dependencies": [
            "aws_internet_gateway.base_igw",
            "aws_route_table.base_RT",
            "aws_subnet.base_subnets",
            "aws_vpc.base_vpc"
          ]
        },
        {
          "index_key": "Public-Subnet-2",
          "schema_version": 0,
          "attributes": {
            "gateway_id": "",
            "id": "rtbassoc-0c4a2a51a0bec963a",
            "route_table_id": "rtb-08b1c06fe5c6af9ac",
            "subnet_id": "subnet-0f44f584fc0d8f1d0",
            "timeouts": null
          },
          "sensitive_attributes": [],
          "private": "eyJlMmJmYjczMC1lY2FhLTExZTYtOGY4OC0zNDM2M2JjN2M0YzAiOnsiY3JlYXRlIjozMDAwMDAwMDAwMDAsImRlbGV0ZSI6MzAwMDAwMDAwMDAwLCJ1cGRhdGUiOjEyMDAwMDAwMDAwMH19",
          "dependencies": [
            "aws_internet_gateway.base_igw",
            "aws_route_table.base_RT",
            "aws_subnet.base_subnets",
            "aws_vpc.base_vpc"
          ]
        },
        {
          "index_key": "Public-Subnet-3",
          "schema_version": 0,
          "attributes": {
            "gateway_id": "",
            "id": "rtbassoc-012464c900bc8c7b2",
            "route_table_id": "rtb-08b1c06fe5c6af9ac",
            "subnet_id": "subnet-0d2428a5062549992",
            "timeouts": null
          },
          "sensitive_attributes": [],
          "private": "eyJlMmJmYjczMC1lY2FhLTExZTYtOGY4OC0zNDM2M2JjN2M0YzAiOnsiY3JlYXRlIjozMDAwMDAwMDAwMDAsImRlbGV0ZSI6MzAwMDAwMDAwMDAwLCJ1cGRhdGUiOjEyMDAwMDAwMDAwMH19",
          "dependencies": [
            "aws_internet_gateway.base_igw",
            "aws_route_table.base_RT",
            "aws_subnet.base_subnets",
            "aws_vpc.base_vpc"
          ]
        }
      ]
    },
    {
      "mode": "managed",
      "type": "aws_security_group",
      "name": "server_sg",
      "provider": "provider[\"registry.terraform.io/hashicorp/aws\"]",
      "instances": [
        {
          "schema_version": 1,
          "attributes": {
            "arn": "arn:aws:ec2:ap-southeast-1:992382362896:security-group/sg-0e8bc6fa1c333b22a",
            "description": "Managed by Terraform",
            "egress": [
              {
                "cidr_blocks": [
                  "0.0.0.0/0"
                ],
                "description": "",
                "from_port": 0,
                "ipv6_cidr_blocks": [],
                "prefix_list_ids": [],
                "protocol": "-1",
                "security_groups": [],
                "self": false,
                "to_port": 0
              }
            ],
            "id": "sg-0e8bc6fa1c333b22a",
            "ingress": [
              {
                "cidr_blocks": [
                  "0.0.0.0/0"
                ],
                "description": "",
                "from_port": 22,
                "ipv6_cidr_blocks": [],
                "prefix_list_ids": [],
                "protocol": "tcp",
                "security_groups": [],
                "self": false,
                "to_port": 22
              }
            ],
            "name": "server-sg",
            "name_prefix": "",
            "owner_id": "992382362896",
            "revoke_rules_on_delete": false,
            "tags": {
              "Name": "Server_SG"
            },
            "tags_all": {
              "Managed-By": "terraform",
              "Name": "Server_SG"
            },
            "timeouts": null,
            "vpc_id": "vpc-01fb9792635e2eb53"
          },
          "sensitive_attributes": [],
          "private": "eyJlMmJmYjczMC1lY2FhLTExZTYtOGY4OC0zNDM2M2JjN2M0YzAiOnsiY3JlYXRlIjo2MDAwMDAwMDAwMDAsImRlbGV0ZSI6OTAwMDAwMDAwMDAwfSwic2NoZW1hX3ZlcnNpb24iOiIxIn0=",
          "dependencies": [
            "aws_vpc.base_vpc"
          ]
        }
      ]
    },
    {
      "mode": "managed",
      "type": "aws_subnet",
      "name": "base_subnets",
      "provider": "provider[\"registry.terraform.io/hashicorp/aws\"]",
      "instances": [
        {
          "index_key": "Public-Subnet-1",
          "schema_version": 1,
          "attributes": {
            "arn": "arn:aws:ec2:ap-southeast-1:992382362896:subnet/subnet-02dc0e59fe7388306",
            "assign_ipv6_address_on_creation": false,
            "availability_zone": "ap-southeast-1a",
            "availability_zone_id": "apse1-az1",
            "cidr_block": "10.0.1.0/24",
            "customer_owned_ipv4_pool": "",
            "enable_dns64": false,
            "enable_lni_at_device_index": 0,
            "enable_resource_name_dns_a_record_on_launch": false,
            "enable_resource_name_dns_aaaa_record_on_launch": false,
            "id": "subnet-02dc0e59fe7388306",
            "ipv6_cidr_block": "",
            "ipv6_cidr_block_association_id": "",
            "ipv6_native": false,
            "map_customer_owned_ip_on_launch": false,
            "map_public_ip_on_launch": true,
            "outpost_arn": "",
            "owner_id": "992382362896",
            "private_dns_hostname_type_on_launch": "ip-name",
            "tags": {
              "Name": "VPC-A-My-Public-Subnet-1"
            },
            "tags_all": {
              "Managed-By": "terraform",
              "Name": "VPC-A-My-Public-Subnet-1"
            },
            "timeouts": null,
            "vpc_id": "vpc-01fb9792635e2eb53"
          },
          "sensitive_attributes": [],
          "private": "eyJlMmJmYjczMC1lY2FhLTExZTYtOGY4OC0zNDM2M2JjN2M0YzAiOnsiY3JlYXRlIjo2MDAwMDAwMDAwMDAsImRlbGV0ZSI6MTIwMDAwMDAwMDAwMH0sInNjaGVtYV92ZXJzaW9uIjoiMSJ9",
          "dependencies": [
            "aws_vpc.base_vpc"
          ]
        },
        {
          "index_key": "Public-Subnet-2",
          "schema_version": 1,
          "attributes": {
            "arn": "arn:aws:ec2:ap-southeast-1:992382362896:subnet/subnet-0f44f584fc0d8f1d0",
            "assign_ipv6_address_on_creation": false,
            "availability_zone": "ap-southeast-1b",
            "availability_zone_id": "apse1-az2",
            "cidr_block": "10.0.2.0/24",
            "customer_owned_ipv4_pool": "",
            "enable_dns64": false,
            "enable_lni_at_device_index": 0,
            "enable_resource_name_dns_a_record_on_launch": false,
            "enable_resource_name_dns_aaaa_record_on_launch": false,
            "id": "subnet-0f44f584fc0d8f1d0",
            "ipv6_cidr_block": "",
            "ipv6_cidr_block_association_id": "",
            "ipv6_native": false,
            "map_customer_owned_ip_on_launch": false,
            "map_public_ip_on_launch": true,
            "outpost_arn": "",
            "owner_id": "992382362896",
            "private_dns_hostname_type_on_launch": "ip-name",
            "tags": {
              "Name": "VPC-A-My-Public-Subnet-2"
            },
            "tags_all": {
              "Managed-By": "terraform",
              "Name": "VPC-A-My-Public-Subnet-2"
            },
            "timeouts": null,
            "vpc_id": "vpc-01fb9792635e2eb53"
          },
          "sensitive_attributes": [],
          "private": "eyJlMmJmYjczMC1lY2FhLTExZTYtOGY4OC0zNDM2M2JjN2M0YzAiOnsiY3JlYXRlIjo2MDAwMDAwMDAwMDAsImRlbGV0ZSI6MTIwMDAwMDAwMDAwMH0sInNjaGVtYV92ZXJzaW9uIjoiMSJ9",
          "dependencies": [
            "aws_vpc.base_vpc"
          ]
        },
        {
          "index_key": "Public-Subnet-3",
          "schema_version": 1,
          "attributes": {
            "arn": "arn:aws:ec2:ap-southeast-1:992382362896:subnet/subnet-0d2428a5062549992",
            "assign_ipv6_address_on_creation": false,
            "availability_zone": "ap-southeast-1c",
            "availability_zone_id": "apse1-az3",
            "cidr_block": "10.0.3.0/24",
            "customer_owned_ipv4_pool": "",
            "enable_dns64": false,
            "enable_lni_at_device_index": 0,
            "enable_resource_name_dns_a_record_on_launch": false,
            "enable_resource_name_dns_aaaa_record_on_launch": false,
            "id": "subnet-0d2428a5062549992",
            "ipv6_cidr_block": "",
            "ipv6_cidr_block_association_id": "",
            "ipv6_native": false,
            "map_customer_owned_ip_on_launch": false,
            "map_public_ip_on_launch": true,
            "outpost_arn": "",
            "owner_id": "992382362896",
            "private_dns_hostname_type_on_launch": "ip-name",
            "tags": {
              "Name": "VPC-A-My-Public-Subnet-3"
            },
            "tags_all": {
              "Managed-By": "terraform",
              "Name": "VPC-A-My-Public-Subnet-3"
            },
            "timeouts": null,
            "vpc_id": "vpc-01fb9792635e2eb53"
          },
          "sensitive_attributes": [],
          "private": "eyJlMmJmYjczMC1lY2FhLTExZTYtOGY4OC0zNDM2M2JjN2M0YzAiOnsiY3JlYXRlIjo2MDAwMDAwMDAwMDAsImRlbGV0ZSI6MTIwMDAwMDAwMDAwMH0sInNjaGVtYV92ZXJzaW9uIjoiMSJ9",
          "dependencies": [
            "aws_vpc.base_vpc"
          ]
        }
      ]
    },
    {
      "mode": "managed",
      "type": "aws_subnet",
      "name": "private_subnets",
      "provider": "provider[\"registry.terraform.io/hashicorp/aws\"]",
      "instances": [
        {
          "index_key": "Private-Subnet-1",
          "schema_version": 1,
          "attributes": {
            "arn": "arn:aws:ec2:ap-southeast-1:992382362896:subnet/subnet-0a0da922b16acab82",
            "assign_ipv6_address_on_creation": false,
            "availability_zone": "ap-southeast-1a",
            "availability_zone_id": "apse1-az1",
            "cidr_block": "10.0.4.0/24",
            "customer_owned_ipv4_pool": "",
            "enable_dns64": false,
            "enable_lni_at_device_index": 0,
            "enable_resource_name_dns_a_record_on_launch": false,
            "enable_resource_name_dns_aaaa_record_on_launch": false,
            "id": "subnet-0a0da922b16acab82",
            "ipv6_cidr_block": "",
            "ipv6_cidr_block_association_id": "",
            "ipv6_native": false,
            "map_customer_owned_ip_on_launch": false,
            "map_public_ip_on_launch": false,
            "outpost_arn": "",
            "owner_id": "992382362896",
            "private_dns_hostname_type_on_launch": "ip-name",
            "tags": {
              "Name": "VPC-A-My-Private-Subnet-1"
            },
            "tags_all": {
              "Managed-By": "terraform",
              "Name": "VPC-A-My-Private-Subnet-1"
            },
            "timeouts": null,
            "vpc_id": "vpc-01fb9792635e2eb53"
          },
          "sensitive_attributes": [],
          "private": "eyJlMmJmYjczMC1lY2FhLTExZTYtOGY4OC0zNDM2M2JjN2M0YzAiOnsiY3JlYXRlIjo2MDAwMDAwMDAwMDAsImRlbGV0ZSI6MTIwMDAwMDAwMDAwMH0sInNjaGVtYV92ZXJzaW9uIjoiMSJ9",
          "dependencies": [
            "aws_vpc.base_vpc"
          ]
        },
        {
          "index_key": "Private-Subnet-2",
          "schema_version": 1,
          "attributes": {
            "arn": "arn:aws:ec2:ap-southeast-1:992382362896:subnet/subnet-02a59e8044e410be6",
            "assign_ipv6_address_on_creation": false,
            "availability_zone": "ap-southeast-1b",
            "availability_zone_id": "apse1-az2",
            "cidr_block": "10.0.5.0/24",
            "customer_owned_ipv4_pool": "",
            "enable_dns64": false,
            "enable_lni_at_device_index": 0,
            "enable_resource_name_dns_a_record_on_launch": false,
            "enable_resource_name_dns_aaaa_record_on_launch": false,
            "id": "subnet-02a59e8044e410be6",
            "ipv6_cidr_block": "",
            "ipv6_cidr_block_association_id": "",
            "ipv6_native": false,
            "map_customer_owned_ip_on_launch": false,
            "map_public_ip_on_launch": false,
            "outpost_arn": "",
            "owner_id": "992382362896",
            "private_dns_hostname_type_on_launch": "ip-name",
            "tags": {
              "Name": "VPC-A-My-Private-Subnet-2"
            },
            "tags_all": {
              "Managed-By": "terraform",
              "Name": "VPC-A-My-Private-Subnet-2"
            },
            "timeouts": null,
            "vpc_id": "vpc-01fb9792635e2eb53"
          },
          "sensitive_attributes": [],
          "private": "eyJlMmJmYjczMC1lY2FhLTExZTYtOGY4OC0zNDM2M2JjN2M0YzAiOnsiY3JlYXRlIjo2MDAwMDAwMDAwMDAsImRlbGV0ZSI6MTIwMDAwMDAwMDAwMH0sInNjaGVtYV92ZXJzaW9uIjoiMSJ9",
          "dependencies": [
            "aws_vpc.base_vpc"
          ]
        },
        {
          "index_key": "Private-Subnet-3",
          "schema_version": 1,
          "attributes": {
            "arn": "arn:aws:ec2:ap-southeast-1:992382362896:subnet/subnet-02a051c93be7a5181",
            "assign_ipv6_address_on_creation": false,
            "availability_zone": "ap-southeast-1c",
            "availability_zone_id": "apse1-az3",
            "cidr_block": "10.0.6.0/24",
            "customer_owned_ipv4_pool": "",
            "enable_dns64": false,
            "enable_lni_at_device_index": 0,
            "enable_resource_name_dns_a_record_on_launch": false,
            "enable_resource_name_dns_aaaa_record_on_launch": false,
            "id": "subnet-02a051c93be7a5181",
            "ipv6_cidr_block": "",
            "ipv6_cidr_block_association_id": "",
            "ipv6_native": false,
            "map_customer_owned_ip_on_launch": false,
            "map_public_ip_on_launch": false,
            "outpost_arn": "",
            "owner_id": "992382362896",
            "private_dns_hostname_type_on_launch": "ip-name",
            "tags": {
              "Name": "VPC-A-My-Private-Subnet-3"
            },
            "tags_all": {
              "Managed-By": "terraform",
              "Name": "VPC-A-My-Private-Subnet-3"
            },
            "timeouts": null,
            "vpc_id": "vpc-01fb9792635e2eb53"
          },
          "sensitive_attributes": [],
          "private": "eyJlMmJmYjczMC1lY2FhLTExZTYtOGY4OC0zNDM2M2JjN2M0YzAiOnsiY3JlYXRlIjo2MDAwMDAwMDAwMDAsImRlbGV0ZSI6MTIwMDAwMDAwMDAwMH0sInNjaGVtYV92ZXJzaW9uIjoiMSJ9",
          "dependencies": [
            "aws_vpc.base_vpc"
          ]
        }
      ]
    },
    {
      "mode": "managed",
      "type": "aws_vpc",
      "name": "base_vpc",
      "provider": "provider[\"registry.terraform.io/hashicorp/aws\"]",
      "instances": [
        {
          "schema_version": 1,
          "attributes": {
            "arn": "arn:aws:ec2:ap-southeast-1:992382362896:vpc/vpc-01fb9792635e2eb53",
            "assign_generated_ipv6_cidr_block": false,
            "cidr_block": "10.0.0.0/16",
            "default_network_acl_id": "acl-051899748de1e8e37",
            "default_route_table_id": "rtb-01df95b64577acb11",
            "default_security_group_id": "sg-0b6ea0524b15b0b0b",
            "dhcp_options_id": "dopt-0706bb4e3898a9f7b",
            "enable_dns_hostnames": false,
            "enable_dns_support": true,
            "enable_network_address_usage_metrics": false,
            "id": "vpc-01fb9792635e2eb53",
            "instance_tenancy": "default",
            "ipv4_ipam_pool_id": null,
            "ipv4_netmask_length": null,
            "ipv6_association_id": "",
            "ipv6_cidr_block": "",
            "ipv6_cidr_block_network_border_group": "",
            "ipv6_ipam_pool_id": "",
            "ipv6_netmask_length": 0,
            "main_route_table_id": "rtb-01df95b64577acb11",
            "owner_id": "992382362896",
            "tags": {
              "Name": "VPC-A"
            },
            "tags_all": {
              "Managed-By": "terraform",
              "Name": "VPC-A"
            }
          },
          "sensitive_attributes": [],
          "private": "eyJzY2hlbWFfdmVyc2lvbiI6IjEifQ=="
        }
      ]
    },
    {
      "mode": "managed",
      "type": "aws_vpc_security_group_egress_rule",
      "name": "egress_all_allow",
      "provider": "provider[\"registry.terraform.io/hashicorp/aws\"]",
      "instances": [
        {
          "schema_version": 0,
          "attributes": {
            "arn": "arn:aws:ec2:ap-southeast-1:992382362896:security-group-rule/sgr-0ca4ddec551ff7fec",
            "cidr_ipv4": "0.0.0.0/0",
            "cidr_ipv6": null,
            "description": null,
            "from_port": null,
            "id": "sgr-0ca4ddec551ff7fec",
            "ip_protocol": "-1",
            "prefix_list_id": null,
            "referenced_security_group_id": null,
            "security_group_id": "sg-0e8bc6fa1c333b22a",
            "security_group_rule_id": "sgr-0ca4ddec551ff7fec",
            "tags": null,
            "tags_all": {
              "Managed-By": "terraform"
            },
            "to_port": null
          },
          "sensitive_attributes": [],
          "dependencies": [
            "aws_security_group.server_sg",
            "aws_vpc.base_vpc"
          ]
        }
      ]
    },
    {
      "mode": "managed",
      "type": "aws_vpc_security_group_ingress_rule",
      "name": "ingress_ssh_allow",
      "provider": "provider[\"registry.terraform.io/hashicorp/aws\"]",
      "instances": [
        {
          "schema_version": 0,
          "attributes": {
            "arn": "arn:aws:ec2:ap-southeast-1:992382362896:security-group-rule/sgr-0a0652785846dd550",
            "cidr_ipv4": "0.0.0.0/0",
            "cidr_ipv6": null,
            "description": null,
            "from_port": 22,
            "id": "sgr-0a0652785846dd550",
            "ip_protocol": "tcp",
            "prefix_list_id": null,
            "referenced_security_group_id": null,
            "security_group_id": "sg-0e8bc6fa1c333b22a",
            "security_group_rule_id": "sgr-0a0652785846dd550",
            "tags": null,
            "tags_all": {
              "Managed-By": "terraform"
            },
            "to_port": 22
          },
          "sensitive_attributes": [],
          "dependencies": [
            "aws_security_group.server_sg",
            "aws_vpc.base_vpc"
          ]
        }
      ]
    },
    {
      "mode": "managed",
      "type": "local_file",
      "name": "tls_private_key",
      "provider": "provider[\"registry.terraform.io/hashicorp/local\"]",
      "instances": [
        {
          "schema_version": 0,
          "attributes": {
            "content": "-----BEGIN RSA PRIVATE KEY-----\nMIIJKQIBAAKCAgEA37aeOk1H5bNLQjpr3zHPR1h0Gr5OLY9dsLuy1LhxgilewLxc\nPdFWG6Fqmq9Ar3lHsGkkXuT4nuKJC07hJBeCtqM/urmr464Xb3TN3lMq09el656A\nPIe0FmEgheJk5WH8uQPVqnBhXdhKEpr9dz737lPJCxOt9usHuv0PXHEPtuOWpSwV\nuae2IEdSC6vkchCNRo23Xtjnj/uRfgwUiv89UjF4QnCB5lSpgg+R/J+IaTNw96KW\nHY2dFczR6Qz+LIT+xIELogrGa1NALUm46c5iFdFXvh2qTojPhKMxdgjnackf+Svp\n0OgF3SWMGe9SPY1hgnqOdP4pylLg7FIMwQml8HdFpzJNQ+RogyKpI+/qKudRwAx2\n2bfFJjYHGOeGeCII/02PNk/9YsOoWnXibrDIuM83PklT49Gk6zjSmollaP6b8UDY\nMRK0Q5aOX/hOKaJLxmtsB/cuDUBdkCA1+5yUy687DMQQW7d/7/MqGRUzlLeMIcmu\nq2axHxrLfQX81zez/Xhsw+TTq7GsQPQK453pogMDiSgUY9+KKb7gf+TatOOwus9j\nDw++DBJyvW8uP1TJigjREjpXuYi+U0X0Q8U3nm06dnEx1DtbaxrCUutHGVgphlFY\nA/oFhcYYOdo7wVnw22hSqbHFf2rdzBjFUcnpx2ICvNYP7RIEkc585T48aXUCAwEA\nAQKCAgEAqDZqVzBQxVjBV/URs2uCjgTmmE1L/1nzerZHy0c8okB1LLr1KM5EztXa\nkKECJG8vBmionmnQv7dakJQpGbhL4wRxIPgHVVVL7dSID4m9hDh8W+R8TAdF1CYI\nDGOktg2tt3g4qsWBkMzXNZIwz/8a8asyWg/cGPO0hldNu5aP2FbcqSmy1DxU54R5\nHqmLRnFHqStaHAlAZLUmOv7eW318IFduM5bhNc2m/1Kx1KAoM+IoKSupcGNRIFk3\n5OKOI++EmUDm/FrZw01/zg3G6pbyjbExJpSrwA2C7BrBUB1108cVMYhhcWFlN1nK\nNJ4M2pd6IGACydlqluUmlstDJ8sXZ4YJvEGzSmTiPwuNpPGvYKB+UVfNxYPcoF0L\nRvSFHpc0hgYNyvDLSPqo/iCnCZds+pZASUKdHX78VBwFJBJeKYln0N/xmmKA0MIS\nQKc+sqJ4Ys/9q9Ul2krN90KH715GN9yVFK4R8mejeyN+Km49zk12xa54m0F3E001\nj5beMF2amV+ADEnLboV68Z2eFq/sB0isPmgaPuE+wNaOrBxDiHd8a0BSRLlakAud\nGkELGxjaFE7UlHJhiyCd96kg+FIOUuI3i7vOqrx7Dqn6MmDqkpQTFZ8xbQsCAXs8\nZp+WF20We3q0js1J07s5Jb6ItpbAyWKYFAFgwlmRGesPv/iypakCggEBAPvy+epL\nBkEl0JKfjBRbNCO8jiwyYcecaw/XG8zoBr8BVq18ZW61P2ZrPW/93yEhfoWW1zZM\nRxQ/SbCVsmPWyeptwPtDDz74NjamunxmOqnTQVjUu1Mm/6BV7xnJQ7Lcq/azOIAE\np7rJPc+FDKW3qOZk+XBkSHAskVGpF85IulfFKNjDf0O/LNwo/xmjtxJS03vQEM8/\nmx9NvfVV01gLVACTJcZSNFl8EacN/38Ip9Yfd4eOWbGVaz5+oSnHP6VeXovci2R1\n+NLjpHRwtzqlKFqha4a7tOZpJLWXUP5oWupBk0fXrCE54pnvp2Z1++7XLOPd/CYn\nmNwy7wmrDcU21/sCggEBAONPbFteI96a5hvPnT5Abzdf8l8dErMV9ID84U/Lcl9I\noa6G6LOIhr7CfHJpID1sbjCXqsq5OrLvZam6mDVWnp+4z5gDu3lttxoBgOHt2JWa\ntO1Zwpgx55Vzj3FM/N7aeP+Ko2foqljtACHUgBBkrQNXdHWvXmQW32iF+sz3yXxE\nSJNvZY5ZKVm6iXKrpIopdK6PmnH+Ea5jSiswlB5DEVNNcfnA4HhQ6WultiURDMm/\nOxLCDe9u8FJePbHHVOwfqxT2JzYdf/BMPwXxtNFTN/4S3XfRPrB0DYr+BEcuqTJN\nBTAopuxGk22ww6+7FaXrpom7Mn3yww9OTvjta/702U8CggEACNmKCb7E43jukJfm\nFbj2ZeLzo33JjXdjE1Vc9p+XzRHA96sM7QyUw4Y0zEBAnCtPBGY9/PxE6uMmNXus\nnnEm+oMMakb6vB1/2f+VQVVd7iUrgHFIey09gWZDVcaKCDhUGgBFlcmUEq2K7EUi\nIpgG6MDXOilrmfUWzaWA3pATa43TV3nWeIy4iKsv+riTb6NVJl4ymPUE/959M6bm\nG4uaUcLZatPsXtBK1nFZbh7htlW4nxxS7jfvYmyUQKFtDOP5sjP2+XpjWRUB680h\nwn+WoUhWPI9PVWCQF4jPIYCM4PmYsMdUln4wBXQzjxfJ16PbQc3EU5rEdcecOdy2\nSR0aDQKCAQEAuvK7X3nRbmdfEUhzPpun3Jcgs3Epy/gmm19fv0zHx+3oa62w/Ncw\nWvuBdmdXiK0BAx357bjhugCCUFGSlWukEiDhO1j2eyvtB4ptAWOoWYJfg0XrcVi5\n6oScWMbEwlRUZ3cSZYdJctGY5jnrCZCDatgmhBOzQgY9v61RU/oG0Bkox3k6wRQ7\nmfx8xr68GJV3zYl1sIMQ76fhfBv79debDDQJpSsocku5bjtfzqRzLAoG/6px45YO\nOPAhNXGHOpvhDOBV53/jlTJgMvdTi0UyK9hAJScGtAD+km3P/us1ZJVLywvkHTb+\nUZyrlH/9kfR5h5VaNZPPMWtqL/i0dX/SqQKCAQAxYw7+WaOf/ybNVOtrXwTZTboH\nwIElMA9iUN0JUPASAOkDFzlaAuDB8s4bbm2kZwea80oVKhMRtrBduND9PeLE1MBb\n+msDb75QiWZYK8alnr7wMNq8kNrVYI99AagjGfodrnKwASsNBbZtHfPhR7um7SoV\nvb0qMzrFA5UIf70uLpYdsWTRE4jv19hOc9YS6Y6bCmyjqTrwcpZcP8hqc1aOZSDM\ncxssVzH/OizIg/2B/sbCvab4rFtdgj5JkmeIlYTgPpkrzcG0hxU+iVrKmOYY79jN\nzJ2t9LfNxASed7sQUW2JOcpJHVTrr0rpQeY2c950B1ILUN01ANma9/tiXKPj\n-----END RSA PRIVATE KEY-----\n",
            "content_base64": null,
            "content_base64sha256": "8MSVDCc25esijLI3MTpFtbW93FaMVsn02ywrUa71gNI=",
            "content_base64sha512": "YGk/XXlHw7HQVKuj6bn7Qy1OAIWAYKgtuustYfZqMSwZhLI3Wrp5e2/Kw3l1KADAHa2jmhyx4kLn8EfYlbTzvA==",
            "content_md5": "41ef876ab6d5fb67262603e755a5ed65",
            "content_sha1": "0c7de92ec1dfa10cb446db13537108c5623f753b",
            "content_sha256": "f0c4950c2736e5eb228cb237313a45b5b5bddc568c56c9f4db2c2b51aef580d2",
            "content_sha512": "60693f5d7947c3b1d054aba3e9b9fb432d4e00858060a82dbaeb2d61f66a312c1984b2375aba797b6fcac379752800c01dada39a1cb1e242e7f047d895b4f3bc",
            "directory_permission": "0777",
            "file_permission": "0777",
            "filename": "./private_key.pem",
            "id": "0c7de92ec1dfa10cb446db13537108c5623f753b",
            "sensitive_content": null,
            "source": null
          },
          "sensitive_attributes": [
            [
              {
                "type": "get_attr",
                "value": "sensitive_content"
              }
            ],
            [
              {
                "type": "get_attr",
                "value": "content"
              }
            ]
          ],
          "dependencies": [
            "tls_private_key.ssh_keypair"
          ]
        }
      ]
    },
    {
      "mode": "managed",
      "type": "tls_private_key",
      "name": "ssh_keypair",
      "provider": "provider[\"registry.terraform.io/hashicorp/tls\"]",
      "instances": [
        {
          "schema_version": 1,
          "attributes": {
            "algorithm": "RSA",
            "ecdsa_curve": "P224",
            "id": "ff270e1e492312772f0ef467897da6674a7ab777",
            "private_key_openssh": "-----BEGIN OPENSSH PRIVATE KEY-----\nb3BlbnNzaC1rZXktdjEAAAAABG5vbmUAAAAEbm9uZQAAAAAAAAABAAACFwAAAAdz\nc2gtcnNhAAAAAwEAAQAAAgEA37aeOk1H5bNLQjpr3zHPR1h0Gr5OLY9dsLuy1Lhx\ngilewLxcPdFWG6Fqmq9Ar3lHsGkkXuT4nuKJC07hJBeCtqM/urmr464Xb3TN3lMq\n09el656APIe0FmEgheJk5WH8uQPVqnBhXdhKEpr9dz737lPJCxOt9usHuv0PXHEP\ntuOWpSwVuae2IEdSC6vkchCNRo23Xtjnj/uRfgwUiv89UjF4QnCB5lSpgg+R/J+I\naTNw96KWHY2dFczR6Qz+LIT+xIELogrGa1NALUm46c5iFdFXvh2qTojPhKMxdgjn\nackf+Svp0OgF3SWMGe9SPY1hgnqOdP4pylLg7FIMwQml8HdFpzJNQ+RogyKpI+/q\nKudRwAx22bfFJjYHGOeGeCII/02PNk/9YsOoWnXibrDIuM83PklT49Gk6zjSmoll\naP6b8UDYMRK0Q5aOX/hOKaJLxmtsB/cuDUBdkCA1+5yUy687DMQQW7d/7/MqGRUz\nlLeMIcmuq2axHxrLfQX81zez/Xhsw+TTq7GsQPQK453pogMDiSgUY9+KKb7gf+Ta\ntOOwus9jDw++DBJyvW8uP1TJigjREjpXuYi+U0X0Q8U3nm06dnEx1DtbaxrCUutH\nGVgphlFYA/oFhcYYOdo7wVnw22hSqbHFf2rdzBjFUcnpx2ICvNYP7RIEkc585T48\naXUAAAc4qeZ9t6nmfbcAAAAHc3NoLXJzYQAAAgEA37aeOk1H5bNLQjpr3zHPR1h0\nGr5OLY9dsLuy1LhxgilewLxcPdFWG6Fqmq9Ar3lHsGkkXuT4nuKJC07hJBeCtqM/\nurmr464Xb3TN3lMq09el656APIe0FmEgheJk5WH8uQPVqnBhXdhKEpr9dz737lPJ\nCxOt9usHuv0PXHEPtuOWpSwVuae2IEdSC6vkchCNRo23Xtjnj/uRfgwUiv89UjF4\nQnCB5lSpgg+R/J+IaTNw96KWHY2dFczR6Qz+LIT+xIELogrGa1NALUm46c5iFdFX\nvh2qTojPhKMxdgjnackf+Svp0OgF3SWMGe9SPY1hgnqOdP4pylLg7FIMwQml8HdF\npzJNQ+RogyKpI+/qKudRwAx22bfFJjYHGOeGeCII/02PNk/9YsOoWnXibrDIuM83\nPklT49Gk6zjSmollaP6b8UDYMRK0Q5aOX/hOKaJLxmtsB/cuDUBdkCA1+5yUy687\nDMQQW7d/7/MqGRUzlLeMIcmuq2axHxrLfQX81zez/Xhsw+TTq7GsQPQK453pogMD\niSgUY9+KKb7gf+TatOOwus9jDw++DBJyvW8uP1TJigjREjpXuYi+U0X0Q8U3nm06\ndnEx1DtbaxrCUutHGVgphlFYA/oFhcYYOdo7wVnw22hSqbHFf2rdzBjFUcnpx2IC\nvNYP7RIEkc585T48aXUAAAADAQABAAACAQCoNmpXMFDFWMFX9RGza4KOBOaYTUv/\nWfN6tkfLRzyiQHUsuvUozkTO1dqQoQIkby8GaKieadC/t1qQlCkZuEvjBHEg+AdV\nVUvt1IgPib2EOHxb5HxMB0XUJggMY6S2Da23eDiqxYGQzNc1kjDP/xrxqzJaD9wY\n87SGV027lo/YVtypKbLUPFTnhHkeqYtGcUepK1ocCUBktSY6/t5bfXwgV24zluE1\nzab/UrHUoCgz4igpK6lwY1EgWTfk4o4j74SZQOb8WtnDTX/ODcbqlvKNsTEmlKvA\nDYLsGsFQHXXTxxUxiGFxYWU3Wco0ngzal3ogYALJ2WqW5SaWy0Mnyxdnhgm8QbNK\nZOI/C42k8a9goH5RV83Fg9ygXQtG9IUelzSGBg3K8MtI+qj+IKcJl2z6lkBJQp0d\nfvxUHAUkEl4piWfQ3/GaYoDQwhJApz6yonhiz/2r1SXaSs33QofvXkY33JUUrhHy\nZ6N7I34qbj3OTXbFrnibQXcTTTWPlt4wXZqZX4AMSctuhXrxnZ4Wr+wHSKw+aBo+\n4T7A1o6sHEOId3xrQFJEuVqQC50aQQsbGNoUTtSUcmGLIJ33qSD4Ug5S4jeLu86q\nvHsOqfoyYOqSlBMVnzFtCwIBezxmn5YXbRZ7erSOzUnTuzklvoi2lsDJYpgUAWDC\nWZEZ6w+/+LKlqQAAAQAxYw7+WaOf/ybNVOtrXwTZTboHwIElMA9iUN0JUPASAOkD\nFzlaAuDB8s4bbm2kZwea80oVKhMRtrBduND9PeLE1MBb+msDb75QiWZYK8alnr7w\nMNq8kNrVYI99AagjGfodrnKwASsNBbZtHfPhR7um7SoVvb0qMzrFA5UIf70uLpYd\nsWTRE4jv19hOc9YS6Y6bCmyjqTrwcpZcP8hqc1aOZSDMcxssVzH/OizIg/2B/sbC\nvab4rFtdgj5JkmeIlYTgPpkrzcG0hxU+iVrKmOYY79jNzJ2t9LfNxASed7sQUW2J\nOcpJHVTrr0rpQeY2c950B1ILUN01ANma9/tiXKPjAAABAQD78vnqSwZBJdCSn4wU\nWzQjvI4sMmHHnGsP1xvM6Aa/AVatfGVutT9maz1v/d8hIX6Fltc2TEcUP0mwlbJj\n1snqbcD7Qw8++DY2prp8Zjqp00FY1LtTJv+gVe8ZyUOy3Kv2sziABKe6yT3PhQyl\nt6jmZPlwZEhwLJFRqRfOSLpXxSjYw39DvyzcKP8Zo7cSUtN70BDPP5sfTb31VdNY\nC1QAkyXGUjRZfBGnDf9/CKfWH3eHjlmxlWs+fqEpxz+lXl6L3ItkdfjS46R0cLc6\npShaoWuGu7TmaSS1l1D+aFrqQZNH16whOeKZ76dmdfvu1yzj3fwmJ5jcMu8Jqw3F\nNtf7AAABAQDjT2xbXiPemuYbz50+QG83X/JfHRKzFfSA/OFPy3JfSKGuhuiziIa+\nwnxyaSA9bG4wl6rKuTqy72Wpupg1Vp6fuM+YA7t5bbcaAYDh7diVmrTtWcKYMeeV\nc49xTPze2nj/iqNn6KpY7QAh1IAQZK0DV3R1r15kFt9ohfrM98l8REiTb2WOWSlZ\nuolyq6SKKXSuj5px/hGuY0orMJQeQxFTTXH5wOB4UOlrpbYlEQzJvzsSwg3vbvBS\nXj2xx1TsH6sU9ic2HX/wTD8F8bTRUzf+Et130T6wdA2K/gRHLqkyTQUwKKbsRpNt\nsMOvuxWl66aJuzJ98sMPTk747Wv+9NlPAAAAAAEC\n-----END OPENSSH PRIVATE KEY-----\n",
            "private_key_pem": "-----BEGIN RSA PRIVATE KEY-----\nMIIJKQIBAAKCAgEA37aeOk1H5bNLQjpr3zHPR1h0Gr5OLY9dsLuy1LhxgilewLxc\nPdFWG6Fqmq9Ar3lHsGkkXuT4nuKJC07hJBeCtqM/urmr464Xb3TN3lMq09el656A\nPIe0FmEgheJk5WH8uQPVqnBhXdhKEpr9dz737lPJCxOt9usHuv0PXHEPtuOWpSwV\nuae2IEdSC6vkchCNRo23Xtjnj/uRfgwUiv89UjF4QnCB5lSpgg+R/J+IaTNw96KW\nHY2dFczR6Qz+LIT+xIELogrGa1NALUm46c5iFdFXvh2qTojPhKMxdgjnackf+Svp\n0OgF3SWMGe9SPY1hgnqOdP4pylLg7FIMwQml8HdFpzJNQ+RogyKpI+/qKudRwAx2\n2bfFJjYHGOeGeCII/02PNk/9YsOoWnXibrDIuM83PklT49Gk6zjSmollaP6b8UDY\nMRK0Q5aOX/hOKaJLxmtsB/cuDUBdkCA1+5yUy687DMQQW7d/7/MqGRUzlLeMIcmu\nq2axHxrLfQX81zez/Xhsw+TTq7GsQPQK453pogMDiSgUY9+KKb7gf+TatOOwus9j\nDw++DBJyvW8uP1TJigjREjpXuYi+U0X0Q8U3nm06dnEx1DtbaxrCUutHGVgphlFY\nA/oFhcYYOdo7wVnw22hSqbHFf2rdzBjFUcnpx2ICvNYP7RIEkc585T48aXUCAwEA\nAQKCAgEAqDZqVzBQxVjBV/URs2uCjgTmmE1L/1nzerZHy0c8okB1LLr1KM5EztXa\nkKECJG8vBmionmnQv7dakJQpGbhL4wRxIPgHVVVL7dSID4m9hDh8W+R8TAdF1CYI\nDGOktg2tt3g4qsWBkMzXNZIwz/8a8asyWg/cGPO0hldNu5aP2FbcqSmy1DxU54R5\nHqmLRnFHqStaHAlAZLUmOv7eW318IFduM5bhNc2m/1Kx1KAoM+IoKSupcGNRIFk3\n5OKOI++EmUDm/FrZw01/zg3G6pbyjbExJpSrwA2C7BrBUB1108cVMYhhcWFlN1nK\nNJ4M2pd6IGACydlqluUmlstDJ8sXZ4YJvEGzSmTiPwuNpPGvYKB+UVfNxYPcoF0L\nRvSFHpc0hgYNyvDLSPqo/iCnCZds+pZASUKdHX78VBwFJBJeKYln0N/xmmKA0MIS\nQKc+sqJ4Ys/9q9Ul2krN90KH715GN9yVFK4R8mejeyN+Km49zk12xa54m0F3E001\nj5beMF2amV+ADEnLboV68Z2eFq/sB0isPmgaPuE+wNaOrBxDiHd8a0BSRLlakAud\nGkELGxjaFE7UlHJhiyCd96kg+FIOUuI3i7vOqrx7Dqn6MmDqkpQTFZ8xbQsCAXs8\nZp+WF20We3q0js1J07s5Jb6ItpbAyWKYFAFgwlmRGesPv/iypakCggEBAPvy+epL\nBkEl0JKfjBRbNCO8jiwyYcecaw/XG8zoBr8BVq18ZW61P2ZrPW/93yEhfoWW1zZM\nRxQ/SbCVsmPWyeptwPtDDz74NjamunxmOqnTQVjUu1Mm/6BV7xnJQ7Lcq/azOIAE\np7rJPc+FDKW3qOZk+XBkSHAskVGpF85IulfFKNjDf0O/LNwo/xmjtxJS03vQEM8/\nmx9NvfVV01gLVACTJcZSNFl8EacN/38Ip9Yfd4eOWbGVaz5+oSnHP6VeXovci2R1\n+NLjpHRwtzqlKFqha4a7tOZpJLWXUP5oWupBk0fXrCE54pnvp2Z1++7XLOPd/CYn\nmNwy7wmrDcU21/sCggEBAONPbFteI96a5hvPnT5Abzdf8l8dErMV9ID84U/Lcl9I\noa6G6LOIhr7CfHJpID1sbjCXqsq5OrLvZam6mDVWnp+4z5gDu3lttxoBgOHt2JWa\ntO1Zwpgx55Vzj3FM/N7aeP+Ko2foqljtACHUgBBkrQNXdHWvXmQW32iF+sz3yXxE\nSJNvZY5ZKVm6iXKrpIopdK6PmnH+Ea5jSiswlB5DEVNNcfnA4HhQ6WultiURDMm/\nOxLCDe9u8FJePbHHVOwfqxT2JzYdf/BMPwXxtNFTN/4S3XfRPrB0DYr+BEcuqTJN\nBTAopuxGk22ww6+7FaXrpom7Mn3yww9OTvjta/702U8CggEACNmKCb7E43jukJfm\nFbj2ZeLzo33JjXdjE1Vc9p+XzRHA96sM7QyUw4Y0zEBAnCtPBGY9/PxE6uMmNXus\nnnEm+oMMakb6vB1/2f+VQVVd7iUrgHFIey09gWZDVcaKCDhUGgBFlcmUEq2K7EUi\nIpgG6MDXOilrmfUWzaWA3pATa43TV3nWeIy4iKsv+riTb6NVJl4ymPUE/959M6bm\nG4uaUcLZatPsXtBK1nFZbh7htlW4nxxS7jfvYmyUQKFtDOP5sjP2+XpjWRUB680h\nwn+WoUhWPI9PVWCQF4jPIYCM4PmYsMdUln4wBXQzjxfJ16PbQc3EU5rEdcecOdy2\nSR0aDQKCAQEAuvK7X3nRbmdfEUhzPpun3Jcgs3Epy/gmm19fv0zHx+3oa62w/Ncw\nWvuBdmdXiK0BAx357bjhugCCUFGSlWukEiDhO1j2eyvtB4ptAWOoWYJfg0XrcVi5\n6oScWMbEwlRUZ3cSZYdJctGY5jnrCZCDatgmhBOzQgY9v61RU/oG0Bkox3k6wRQ7\nmfx8xr68GJV3zYl1sIMQ76fhfBv79debDDQJpSsocku5bjtfzqRzLAoG/6px45YO\nOPAhNXGHOpvhDOBV53/jlTJgMvdTi0UyK9hAJScGtAD+km3P/us1ZJVLywvkHTb+\nUZyrlH/9kfR5h5VaNZPPMWtqL/i0dX/SqQKCAQAxYw7+WaOf/ybNVOtrXwTZTboH\nwIElMA9iUN0JUPASAOkDFzlaAuDB8s4bbm2kZwea80oVKhMRtrBduND9PeLE1MBb\n+msDb75QiWZYK8alnr7wMNq8kNrVYI99AagjGfodrnKwASsNBbZtHfPhR7um7SoV\nvb0qMzrFA5UIf70uLpYdsWTRE4jv19hOc9YS6Y6bCmyjqTrwcpZcP8hqc1aOZSDM\ncxssVzH/OizIg/2B/sbCvab4rFtdgj5JkmeIlYTgPpkrzcG0hxU+iVrKmOYY79jN\nzJ2t9LfNxASed7sQUW2JOcpJHVTrr0rpQeY2c950B1ILUN01ANma9/tiXKPj\n-----END RSA PRIVATE KEY-----\n",
            "private_key_pem_pkcs8": "-----BEGIN PRIVATE KEY-----\nMIIJQwIBADANBgkqhkiG9w0BAQEFAASCCS0wggkpAgEAAoICAQDftp46TUfls0tC\nOmvfMc9HWHQavk4tj12wu7LUuHGCKV7AvFw90VYboWqar0CveUewaSRe5Pie4okL\nTuEkF4K2oz+6uavjrhdvdM3eUyrT16XrnoA8h7QWYSCF4mTlYfy5A9WqcGFd2EoS\nmv13PvfuU8kLE6326we6/Q9ccQ+245alLBW5p7YgR1ILq+RyEI1Gjbde2OeP+5F+\nDBSK/z1SMXhCcIHmVKmCD5H8n4hpM3D3opYdjZ0VzNHpDP4shP7EgQuiCsZrU0At\nSbjpzmIV0Ve+HapOiM+EozF2COdpyR/5K+nQ6AXdJYwZ71I9jWGCeo50/inKUuDs\nUgzBCaXwd0WnMk1D5GiDIqkj7+oq51HADHbZt8UmNgcY54Z4Igj/TY82T/1iw6ha\ndeJusMi4zzc+SVPj0aTrONKaiWVo/pvxQNgxErRDlo5f+E4pokvGa2wH9y4NQF2Q\nIDX7nJTLrzsMxBBbt3/v8yoZFTOUt4whya6rZrEfGst9BfzXN7P9eGzD5NOrsaxA\n9ArjnemiAwOJKBRj34opvuB/5Nq047C6z2MPD74MEnK9by4/VMmKCNESOle5iL5T\nRfRDxTeebTp2cTHUO1trGsJS60cZWCmGUVgD+gWFxhg52jvBWfDbaFKpscV/at3M\nGMVRyenHYgK81g/tEgSRznzlPjxpdQIDAQABAoICAQCoNmpXMFDFWMFX9RGza4KO\nBOaYTUv/WfN6tkfLRzyiQHUsuvUozkTO1dqQoQIkby8GaKieadC/t1qQlCkZuEvj\nBHEg+AdVVUvt1IgPib2EOHxb5HxMB0XUJggMY6S2Da23eDiqxYGQzNc1kjDP/xrx\nqzJaD9wY87SGV027lo/YVtypKbLUPFTnhHkeqYtGcUepK1ocCUBktSY6/t5bfXwg\nV24zluE1zab/UrHUoCgz4igpK6lwY1EgWTfk4o4j74SZQOb8WtnDTX/ODcbqlvKN\nsTEmlKvADYLsGsFQHXXTxxUxiGFxYWU3Wco0ngzal3ogYALJ2WqW5SaWy0Mnyxdn\nhgm8QbNKZOI/C42k8a9goH5RV83Fg9ygXQtG9IUelzSGBg3K8MtI+qj+IKcJl2z6\nlkBJQp0dfvxUHAUkEl4piWfQ3/GaYoDQwhJApz6yonhiz/2r1SXaSs33QofvXkY3\n3JUUrhHyZ6N7I34qbj3OTXbFrnibQXcTTTWPlt4wXZqZX4AMSctuhXrxnZ4Wr+wH\nSKw+aBo+4T7A1o6sHEOId3xrQFJEuVqQC50aQQsbGNoUTtSUcmGLIJ33qSD4Ug5S\n4jeLu86qvHsOqfoyYOqSlBMVnzFtCwIBezxmn5YXbRZ7erSOzUnTuzklvoi2lsDJ\nYpgUAWDCWZEZ6w+/+LKlqQKCAQEA+/L56ksGQSXQkp+MFFs0I7yOLDJhx5xrD9cb\nzOgGvwFWrXxlbrU/Zms9b/3fISF+hZbXNkxHFD9JsJWyY9bJ6m3A+0MPPvg2Nqa6\nfGY6qdNBWNS7Uyb/oFXvGclDstyr9rM4gASnusk9z4UMpbeo5mT5cGRIcCyRUakX\nzki6V8Uo2MN/Q78s3Cj/GaO3ElLTe9AQzz+bH0299VXTWAtUAJMlxlI0WXwRpw3/\nfwin1h93h45ZsZVrPn6hKcc/pV5ei9yLZHX40uOkdHC3OqUoWqFrhru05mkktZdQ\n/mha6kGTR9esITnime+nZnX77tcs4938JieY3DLvCasNxTbX+wKCAQEA409sW14j\n3prmG8+dPkBvN1/yXx0SsxX0gPzhT8tyX0ihrobos4iGvsJ8cmkgPWxuMJeqyrk6\nsu9lqbqYNVaen7jPmAO7eW23GgGA4e3YlZq07VnCmDHnlXOPcUz83tp4/4qjZ+iq\nWO0AIdSAEGStA1d0da9eZBbfaIX6zPfJfERIk29ljlkpWbqJcqukiil0ro+acf4R\nrmNKKzCUHkMRU01x+cDgeFDpa6W2JREMyb87EsIN727wUl49scdU7B+rFPYnNh1/\n8Ew/BfG00VM3/hLdd9E+sHQNiv4ERy6pMk0FMCim7EaTbbDDr7sVpeumibsyffLD\nD05O+O1r/vTZTwKCAQAI2YoJvsTjeO6Ql+YVuPZl4vOjfcmNd2MTVVz2n5fNEcD3\nqwztDJTDhjTMQECcK08EZj38/ETq4yY1e6yecSb6gwxqRvq8HX/Z/5VBVV3uJSuA\ncUh7LT2BZkNVxooIOFQaAEWVyZQSrYrsRSIimAbowNc6KWuZ9RbNpYDekBNrjdNX\nedZ4jLiIqy/6uJNvo1UmXjKY9QT/3n0zpuYbi5pRwtlq0+xe0ErWcVluHuG2Vbif\nHFLuN+9ibJRAoW0M4/myM/b5emNZFQHrzSHCf5ahSFY8j09VYJAXiM8hgIzg+Ziw\nx1SWfjAFdDOPF8nXo9tBzcRTmsR1x5w53LZJHRoNAoIBAQC68rtfedFuZ18RSHM+\nm6fclyCzcSnL+CabX1+/TMfH7ehrrbD81zBa+4F2Z1eIrQEDHfntuOG6AIJQUZKV\na6QSIOE7WPZ7K+0Him0BY6hZgl+DRetxWLnqhJxYxsTCVFRndxJlh0ly0ZjmOesJ\nkINq2CaEE7NCBj2/rVFT+gbQGSjHeTrBFDuZ/HzGvrwYlXfNiXWwgxDvp+F8G/v1\n15sMNAmlKyhyS7luO1/OpHMsCgb/qnHjlg448CE1cYc6m+EM4FXnf+OVMmAy91OL\nRTIr2EAlJwa0AP6Sbc/+6zVklUvLC+QdNv5RnKuUf/2R9HmHlVo1k88xa2ov+LR1\nf9KpAoIBADFjDv5Zo5//Js1U62tfBNlNugfAgSUwD2JQ3QlQ8BIA6QMXOVoC4MHy\nzhtubaRnB5rzShUqExG2sF240P094sTUwFv6awNvvlCJZlgrxqWevvAw2ryQ2tVg\nj30BqCMZ+h2ucrABKw0Ftm0d8+FHu6btKhW9vSozOsUDlQh/vS4ulh2xZNETiO/X\n2E5z1hLpjpsKbKOpOvByllw/yGpzVo5lIMxzGyxXMf86LMiD/YH+xsK9pvisW12C\nPkmSZ4iVhOA+mSvNwbSHFT6JWsqY5hjv2M3Mna30t83EBJ53uxBRbYk5ykkdVOuv\nSulB5jZz3nQHUgtQ3TUA2Zr3+2Jco+M=\n-----END PRIVATE KEY-----\n",
            "public_key_fingerprint_md5": "3e:60:f2:29:72:45:bf:13:04:fa:48:88:c1:30:dd:8d",
            "public_key_fingerprint_sha256": "SHA256:fcNSw2apN4Cp7f/2XNrRvsB/BPyZf27COPEwP0SyYJ0",
            "public_key_openssh": "ssh-rsa AAAAB3NzaC1yc2EAAAADAQABAAACAQDftp46TUfls0tCOmvfMc9HWHQavk4tj12wu7LUuHGCKV7AvFw90VYboWqar0CveUewaSRe5Pie4okLTuEkF4K2oz+6uavjrhdvdM3eUyrT16XrnoA8h7QWYSCF4mTlYfy5A9WqcGFd2EoSmv13PvfuU8kLE6326we6/Q9ccQ+245alLBW5p7YgR1ILq+RyEI1Gjbde2OeP+5F+DBSK/z1SMXhCcIHmVKmCD5H8n4hpM3D3opYdjZ0VzNHpDP4shP7EgQuiCsZrU0AtSbjpzmIV0Ve+HapOiM+EozF2COdpyR/5K+nQ6AXdJYwZ71I9jWGCeo50/inKUuDsUgzBCaXwd0WnMk1D5GiDIqkj7+oq51HADHbZt8UmNgcY54Z4Igj/TY82T/1iw6hadeJusMi4zzc+SVPj0aTrONKaiWVo/pvxQNgxErRDlo5f+E4pokvGa2wH9y4NQF2QIDX7nJTLrzsMxBBbt3/v8yoZFTOUt4whya6rZrEfGst9BfzXN7P9eGzD5NOrsaxA9ArjnemiAwOJKBRj34opvuB/5Nq047C6z2MPD74MEnK9by4/VMmKCNESOle5iL5TRfRDxTeebTp2cTHUO1trGsJS60cZWCmGUVgD+gWFxhg52jvBWfDbaFKpscV/at3MGMVRyenHYgK81g/tEgSRznzlPjxpdQ==\n",
            "public_key_pem": "-----BEGIN PUBLIC KEY-----\nMIICIjANBgkqhkiG9w0BAQEFAAOCAg8AMIICCgKCAgEA37aeOk1H5bNLQjpr3zHP\nR1h0Gr5OLY9dsLuy1LhxgilewLxcPdFWG6Fqmq9Ar3lHsGkkXuT4nuKJC07hJBeC\ntqM/urmr464Xb3TN3lMq09el656APIe0FmEgheJk5WH8uQPVqnBhXdhKEpr9dz73\n7lPJCxOt9usHuv0PXHEPtuOWpSwVuae2IEdSC6vkchCNRo23Xtjnj/uRfgwUiv89\nUjF4QnCB5lSpgg+R/J+IaTNw96KWHY2dFczR6Qz+LIT+xIELogrGa1NALUm46c5i\nFdFXvh2qTojPhKMxdgjnackf+Svp0OgF3SWMGe9SPY1hgnqOdP4pylLg7FIMwQml\n8HdFpzJNQ+RogyKpI+/qKudRwAx22bfFJjYHGOeGeCII/02PNk/9YsOoWnXibrDI\nuM83PklT49Gk6zjSmollaP6b8UDYMRK0Q5aOX/hOKaJLxmtsB/cuDUBdkCA1+5yU\ny687DMQQW7d/7/MqGRUzlLeMIcmuq2axHxrLfQX81zez/Xhsw+TTq7GsQPQK453p\nogMDiSgUY9+KKb7gf+TatOOwus9jDw++DBJyvW8uP1TJigjREjpXuYi+U0X0Q8U3\nnm06dnEx1DtbaxrCUutHGVgphlFYA/oFhcYYOdo7wVnw22hSqbHFf2rdzBjFUcnp\nx2ICvNYP7RIEkc585T48aXUCAwEAAQ==\n-----END PUBLIC KEY-----\n",
            "rsa_bits": 4096
          },
          "sensitive_attributes": [
            [
              {
                "type": "get_attr",
                "value": "private_key_openssh"
              }
            ],
            [
              {
                "type": "get_attr",
                "value": "private_key_pem"
              }
            ],
            [
              {
                "type": "get_attr",
                "value": "private_key_pem_pkcs8"
              }
            ]
          ]
        }
      ]
    }
  ],
  "check_results": [
    {
      "object_kind": "var",
      "config_addr": "var.Operation_System",
      "status": "pass",
      "objects": [
        {
          "object_addr": "var.Operation_System",
          "status": "pass"
        }
      ]
    }
  ]
}
